
Microsoft Visual Studio Solution File, Format Version 12.00
# Visual Studio Version 16
VisualStudioVersion = 16.0.31911.196
MinimumVisualStudioVersion = 10.0.40219.1
Project("{FAE04EC0-301F-11D3-BF4B-00C04F79EFBC}") = "IX_Projects", "IX_Projects.csproj", "{4DB69788-EC88-4757-87CE-C6B9011480BA}"
EndProject
Global
	GlobalSection(SolutionConfigurationPlatforms) = preSolution
		Debug|Any CPU = Debug|Any CPU
		Release|Any CPU = Release|Any CPU
	EndGlobalSection
	GlobalSection(ProjectConfigurationPlatforms) = postSolution
		{4DB69788-EC88-4757-87CE-C6B9011480BA}.Debug|Any CPU.ActiveCfg = Debug|Any CPU
		{4DB69788-EC88-4757-87CE-C6B9011480BA}.Debug|Any CPU.Build.0 = Debug|Any CPU
		{4DB69788-EC88-4757-87CE-C6B9011480BA}.Release|Any CPU.ActiveCfg = Release|Any CPU
		{4DB69788-EC88-4757-87CE-C6B9011480BA}.Release|Any CPU.Build.0 = Release|Any CPU
	EndGlobalSection
	GlobalSection(SolutionProperties) = preSolution
		HideSolutionNode = FALSE
	EndGlobalSection
	GlobalSection(ExtensibilityGlobals) = postSolution
		SolutionGuid = {CFE33C93-AC0B-49C1-9B09-50A75CBBA8E9}
	EndGlobalSection
EndGlobal
